// !$*UTF8*$!
{
	archiveVersion = 1;
	classes = {
	};
	objectVersion = 56;
	objects = {

/* Begin PBXBuildFile section */
		B46AE7BA2BF0646700199834 /* AppDelegate.swift in Sources */ = {isa = PBXBuildFile; fileRef = B46AE7B92BF0646700199834 /* AppDelegate.swift */; };
		B46AE7BC2BF0646700199834 /* SceneDelegate.swift in Sources */ = {isa = PBXBuildFile; fileRef = B46AE7BB2BF0646700199834 /* SceneDelegate.swift */; };
		B46AE7BE2BF0646700199834 /* ViewController.swift in Sources */ = {isa = PBXBuildFile; fileRef = B46AE7BD2BF0646700199834 /* ViewController.swift */; };
		B46AE7C12BF0646800199834 /* Base in Resources */ = {isa = PBXBuildFile; fileRef = B46AE7C02BF0646800199834 /* Base */; };
		B46AE7C32BF0646900199834 /* Assets.xcassets in Resources */ = {isa = PBXBuildFile; fileRef = B46AE7C22BF0646900199834 /* Assets.xcassets */; };
		B46AE7C62BF0646900199834 /* Base in Resources */ = {isa = PBXBuildFile; fileRef = B46AE7C52BF0646900199834 /* Base */; };
		B46AE7D12BF0646900199834 /* ChemistryTests.swift in Sources */ = {isa = PBXBuildFile; fileRef = B46AE7D02BF0646900199834 /* ChemistryTests.swift */; };
		B46AE7DB2BF0646900199834 /* ChemistryUITests.swift in Sources */ = {isa = PBXBuildFile; fileRef = B46AE7DA2BF0646900199834 /* ChemistryUITests.swift */; };
		B46AE7DD2BF0646900199834 /* ChemistryUITestsLaunchTests.swift in Sources */ = {isa = PBXBuildFile; fileRef = B46AE7DC2BF0646900199834 /* ChemistryUITestsLaunchTests.swift */; };
/* End PBXBuildFile section */

/* Begin PBXContainerItemProxy section */
		B46AE7CD2BF0646900199834 /* PBXContainerItemProxy */ = {
			isa = PBXContainerItemProxy;
			containerPortal = B46AE7AE2BF0646700199834 /* Project object */;
			proxyType = 1;
			remoteGlobalIDString = B46AE7B52BF0646700199834;
			remoteInfo = Chemistry;
		};
		B46AE7D72BF0646900199834 /* PBXContainerItemProxy */ = {
			isa = PBXContainerItemProxy;
			containerPortal = B46AE7AE2BF0646700199834 /* Project object */;
			proxyType = 1;
			remoteGlobalIDString = B46AE7B52BF0646700199834;
			remoteInfo = Chemistry;
		};
/* End PBXContainerItemProxy section */

/* Begin PBXFileReference section */
		B46AE7B62BF0646700199834 /* Chemistry.app */ = {isa = PBXFileReference; explicitFileType = wrapper.application; includeInIndex = 0; path = Chemistry.app; sourceTree = BUILT_PRODUCTS_DIR; };
		B46AE7B92BF0646700199834 /* AppDelegate.swift */ = {isa = PBXFileReference; lastKnownFileType = sourcecode.swift; path = AppDelegate.swift; sourceTree = "<group>"; };
		B46AE7BB2BF0646700199834 /* SceneDelegate.swift */ = {isa = PBXFileReference; lastKnownFileType = sourcecode.swift; path = SceneDelegate.swift; sourceTree = "<group>"; };
		B46AE7BD2BF0646700199834 /* ViewController.swift */ = {isa = PBXFileReference; lastKnownFileType = sourcecode.swift; path = ViewController.swift; sourceTree = "<group>"; };
		B46AE7C02BF0646800199834 /* Base */ = {isa = PBXFileReference; lastKnownFileType = file.storyboard; name = Base; path = Base.lproj/Main.storyboard; sourceTree = "<group>"; };
		B46AE7C22BF0646900199834 /* Assets.xcassets */ = {isa = PBXFileReference; lastKnownFileType = folder.assetcatalog; path = Assets.xcassets; sourceTree = "<group>"; };
		B46AE7C52BF0646900199834 /* Base */ = {isa = PBXFileReference; lastKnownFileType = file.storyboard; name = Base; path = Base.lproj/LaunchScreen.storyboard; sourceTree = "<group>"; };
		B46AE7C72BF0646900199834 /* Info.plist */ = {isa = PBXFileReference; lastKnownFileType = text.plist.xml; path = Info.plist; sourceTree = "<group>"; };
		B46AE7CC2BF0646900199834 /* ChemistryTests.xctest */ = {isa = PBXFileReference; explicitFileType = wrapper.cfbundle; includeInIndex = 0; path = ChemistryTests.xctest; sourceTree = BUILT_PRODUCTS_DIR; };
		B46AE7D02BF0646900199834 /* ChemistryTests.swift */ = {isa = PBXFileReference; lastKnownFileType = sourcecode.swift; path = ChemistryTests.swift; sourceTree = "<group>"; };
		B46AE7D62BF0646900199834 /* ChemistryUITests.xctest */ = {isa = PBXFileReference; explicitFileType = wrapper.cfbundle; includeInIndex = 0; path = ChemistryUITests.xctest; sourceTree = BUILT_PRODUCTS_DIR; };
		B46AE7DA2BF0646900199834 /* ChemistryUITests.swift */ = {isa = PBXFileReference; lastKnownFileType = sourcecode.swift; path = ChemistryUITests.swift; sourceTree = "<group>"; };
		B46AE7DC2BF0646900199834 /* ChemistryUITestsLaunchTests.swift */ = {isa = PBXFileReference; lastKnownFileType = sourcecode.swift; path = ChemistryUITestsLaunchTests.swift; sourceTree = "<group>"; };
/* End PBXFileReference section */

/* Begin PBXFrameworksBuildPhase section */
		B46AE7B32BF0646700199834 /* Frameworks */ = {
			isa = PBXFrameworksBuildPhase;
			buildActionMask = 2147483647;
			files = (
			);
			runOnlyForDeploymentPostprocessing = 0;
		};
		B46AE7C92BF0646900199834 /* Frameworks */ = {
			isa = PBXFrameworksBuildPhase;
			buildActionMask = 2147483647;
			files = (
			);
			runOnlyForDeploymentPostprocessing = 0;
		};
		B46AE7D32BF0646900199834 /* Frameworks */ = {
			isa = PBXFrameworksBuildPhase;
			buildActionMask = 2147483647;
			files = (
			);
			runOnlyForDeploymentPostprocessing = 0;
		};
/* End PBXFrameworksBuildPhase section */

/* Begin PBXGroup section */
		B46AE7AD2BF0646700199834 = {
			isa = PBXGroup;
			children = (
				B46AE7B82BF0646700199834 /* Chemistry */,
				B46AE7CF2BF0646900199834 /* ChemistryTests */,
				B46AE7D92BF0646900199834 /* ChemistryUITests */,
				B46AE7B72BF0646700199834 /* Products */,
			);
			sourceTree = "<group>";
		};
		B46AE7B72BF0646700199834 /* Products */ = {
			isa = PBXGroup;
			children = (
				B46AE7B62BF0646700199834 /* Chemistry.app */,
				B46AE7CC2BF0646900199834 /* ChemistryTests.xctest */,
				B46AE7D62BF0646900199834 /* ChemistryUITests.xctest */,
			);
			name = Products;
			sourceTree = "<group>";
		};
		B46AE7B82BF0646700199834 /* Chemistry */ = {
			isa = PBXGroup;
			children = (
				B46AE7B92BF0646700199834 /* AppDelegate.swift */,
				B46AE7BB2BF0646700199834 /* SceneDelegate.swift */,
				B46AE7BD2BF0646700199834 /* ViewController.swift */,
				B46AE7BF2BF0646800199834 /* Main.storyboard */,
				B46AE7C22BF0646900199834 /* Assets.xcassets */,
				B46AE7C42BF0646900199834 /* LaunchScreen.storyboard */,
				B46AE7C72BF0646900199834 /* Info.plist */,
			);
			path = Chemistry;
			sourceTree = "<group>";
		};
		B46AE7CF2BF0646900199834 /* ChemistryTests */ = {
			isa = PBXGroup;
			children = (
				B46AE7D02BF0646900199834 /* ChemistryTests.swift */,
			);
			path = ChemistryTests;
			sourceTree = "<group>";
		};
		B46AE7D92BF0646900199834 /* ChemistryUITests */ = {
			isa = PBXGroup;
			children = (
				B46AE7DA2BF0646900199834 /* ChemistryUITests.swift */,
				B46AE7DC2BF0646900199834 /* ChemistryUITestsLaunchTests.swift */,
			);
			path = ChemistryUITests;
			sourceTree = "<group>";
		};
/* End PBXGroup section */

/* Begin PBXNativeTarget section */
		B46AE7B52BF0646700199834 /* Chemistry */ = {
			isa = PBXNativeTarget;
			buildConfigurationList = B46AE7E02BF0646900199834 /* Build configuration list for PBXNativeTarget "Chemistry" */;
			buildPhases = (
				B46AE7B22BF0646700199834 /* Sources */,
				B46AE7B32BF0646700199834 /* Frameworks */,
				B46AE7B42BF0646700199834 /* Resources */,
			);
			buildRules = (
			);
			dependencies = (
			);
			name = Chemistry;
			productName = Chemistry;
			productReference = B46AE7B62BF0646700199834 /* Chemistry.app */;
			productType = "com.apple.product-type.application";
		};
		B46AE7CB2BF0646900199834 /* ChemistryTests */ = {
			isa = PBXNativeTarget;
			buildConfigurationList = B46AE7E32BF0646900199834 /* Build configuration list for PBXNativeTarget "ChemistryTests" */;
			buildPhases = (
				B46AE7C82BF0646900199834 /* Sources */,
				B46AE7C92BF0646900199834 /* Frameworks */,
				B46AE7CA2BF0646900199834 /* Resources */,
			);
			buildRules = (
			);
			dependencies = (
				B46AE7CE2BF0646900199834 /* PBXTargetDependency */,
			);
			name = ChemistryTests;
			productName = ChemistryTests;
			productReference = B46AE7CC2BF0646900199834 /* ChemistryTests.xctest */;
			productType = "com.apple.product-type.bundle.unit-test";
		};
		B46AE7D52BF0646900199834 /* ChemistryUITests */ = {
			isa = PBXNativeTarget;
			buildConfigurationList = B46AE7E62BF0646900199834 /* Build configuration list for PBXNativeTarget "ChemistryUITests" */;
			buildPhases = (
				B46AE7D22BF0646900199834 /* Sources */,
				B46AE7D32BF0646900199834 /* Frameworks */,
				B46AE7D42BF0646900199834 /* Resources */,
			);
			buildRules = (
			);
			dependencies = (
				B46AE7D82BF0646900199834 /* PBXTargetDependency */,
			);
			name = ChemistryUITests;
			productName = ChemistryUITests;
			productReference = B46AE7D62BF0646900199834 /* ChemistryUITests.xctest */;
			productType = "com.apple.product-type.bundle.ui-testing";
		};
/* End PBXNativeTarget section */

/* Begin PBXProject section */
		B46AE7AE2BF0646700199834 /* Project object */ = {
			isa = PBXProject;
			attributes = {
				BuildIndependentTargetsInParallel = 1;
				LastSwiftUpdateCheck = 1530;
				LastUpgradeCheck = 1530;
				TargetAttributes = {
					B46AE7B52BF0646700199834 = {
						CreatedOnToolsVersion = 15.3;
					};
					B46AE7CB2BF0646900199834 = {
						CreatedOnToolsVersion = 15.3;
						TestTargetID = B46AE7B52BF0646700199834;
					};
					B46AE7D52BF0646900199834 = {
						CreatedOnToolsVersion = 15.3;
						TestTargetID = B46AE7B52BF0646700199834;
					};
				};
			};
			buildConfigurationList = B46AE7B12BF0646700199834 /* Build configuration list for PBXProject "Chemistry" */;
			compatibilityVersion = "Xcode 14.0";
			developmentRegion = en;
			hasScannedForEncodings = 0;
			knownRegions = (
				en,
				Base,
			);
			mainGroup = B46AE7AD2BF0646700199834;
			productRefGroup = B46AE7B72BF0646700199834 /* Products */;
			projectDirPath = "";
			projectRoot = "";
			targets = (
				B46AE7B52BF0646700199834 /* Chemistry */,
				B46AE7CB2BF0646900199834 /* ChemistryTests */,
				B46AE7D52BF0646900199834 /* ChemistryUITests */,
			);
		};
/* End PBXProject section */

/* Begin PBXResourcesBuildPhase section */
		B46AE7B42BF0646700199834 /* Resources */ = {
			isa = PBXResourcesBuildPhase;
			buildActionMask = 2147483647;
			files = (
				B46AE7C32BF0646900199834 /* Assets.xcassets in Resources */,
				B46AE7C62BF0646900199834 /* Base in Resources */,
				B46AE7C12BF0646800199834 /* Base in Resources */,
			);
			runOnlyForDeploymentPostprocessing = 0;
		};
		B46AE7CA2BF0646900199834 /* Resources */ = {
			isa = PBXResourcesBuildPhase;
			buildActionMask = 2147483647;
			files = (
			);
			runOnlyForDeploymentPostprocessing = 0;
		};
		B46AE7D42BF0646900199834 /* Resources */ = {
			isa = PBXResourcesBuildPhase;
			buildActionMask = 2147483647;
			files = (
			);
			runOnlyForDeploymentPostprocessing = 0;
		};
/* End PBXResourcesBuildPhase section */

/* Begin PBXSourcesBuildPhase section */
		B46AE7B22BF0646700199834 /* Sources */ = {
			isa = PBXSourcesBuildPhase;
			buildActionMask = 2147483647;
			files = (
				B46AE7BE2BF0646700199834 /* ViewController.swift in Sources */,
				B46AE7BA2BF0646700199834 /* AppDelegate.swift in Sources */,
				B46AE7BC2BF0646700199834 /* SceneDelegate.swift in Sources */,
			);
			runOnlyForDeploymentPostprocessing = 0;
		};
		B46AE7C82BF0646900199834 /* Sources */ = {
			isa = PBXSourcesBuildPhase;
			buildActionMask = 2147483647;
			files = (
				B46AE7D12BF0646900199834 /* ChemistryTests.swift in Sources */,
			);
			runOnlyForDeploymentPostprocessing = 0;
		};
		B46AE7D22BF0646900199834 /* Sources */ = {
			isa = PBXSourcesBuildPhase;
			buildActionMask = 2147483647;
			files = (
				B46AE7DB2BF0646900199834 /* ChemistryUITests.swift in Sources */,
				B46AE7DD2BF0646900199834 /* ChemistryUITestsLaunchTests.swift in Sources */,
			);
			runOnlyForDeploymentPostprocessing = 0;
		};
/* End PBXSourcesBuildPhase section */

/* Begin PBXTargetDependency section */
		B46AE7CE2BF0646900199834 /* PBXTargetDependency */ = {
			isa = PBXTargetDependency;
			target = B46AE7B52BF0646700199834 /* Chemistry */;
			targetProxy = B46AE7CD2BF0646900199834 /* PBXContainerItemProxy */;
		};
		B46AE7D82BF0646900199834 /* PBXTargetDependency */ = {
			isa = PBXTargetDependency;
			target = B46AE7B52BF0646700199834 /* Chemistry */;
			targetProxy = B46AE7D72BF0646900199834 /* PBXContainerItemProxy */;
		};
/* End PBXTargetDependency section */

/* Begin PBXVariantGroup section */
		B46AE7BF2BF0646800199834 /* Main.storyboard */ = {
			isa = PBXVariantGroup;
			children = (
				B46AE7C02BF0646800199834 /* Base */,
			);
			name = Main.storyboard;
			sourceTree = "<group>";
		};
		B46AE7C42BF0646900199834 /* LaunchScreen.storyboard */ = {
			isa = PBXVariantGroup;
			children = (
				B46AE7C52BF0646900199834 /* Base */,
			);
			name = LaunchScreen.storyboard;
			sourceTree = "<group>";
		};
/* End PBXVariantGroup section */

/* Begin XCBuildConfiguration section */
		B46AE7DE2BF0646900199834 /* Debug */ = {
			isa = XCBuildConfiguration;
			buildSettings = {
				ALWAYS_SEARCH_USER_PATHS = NO;
				ASSETCATALOG_COMPILER_GENERATE_SWIFT_ASSET_SYMBOL_EXTENSIONS = YES;
				CLANG_ANALYZER_NONNULL = YES;
				CLANG_ANALYZER_NUMBER_OBJECT_CONVERSION = YES_AGGRESSIVE;
				CLANG_CXX_LANGUAGE_STANDARD = "gnu++20";
				CLANG_ENABLE_MODULES = YES;
				CLANG_ENABLE_OBJC_ARC = YES;
				CLANG_ENABLE_OBJC_WEAK = YES;
				CLANG_WARN_BLOCK_CAPTURE_AUTORELEASING = YES;
				CLANG_WARN_BOOL_CONVERSION = YES;
				CLANG_WARN_COMMA = YES;
				CLANG_WARN_CONSTANT_CONVERSION = YES;
				CLANG_WARN_DEPRECATED_OBJC_IMPLEMENTATIONS = YES;
				CLANG_WARN_DIRECT_OBJC_ISA_USAGE = YES_ERROR;
				CLANG_WARN_DOCUMENTATION_COMMENTS = YES;
				CLANG_WARN_EMPTY_BODY = YES;
				CLANG_WARN_ENUM_CONVERSION = YES;
				CLANG_WARN_INFINITE_RECURSION = YES;
				CLANG_WARN_INT_CONVERSION = YES;
				CLANG_WARN_NON_LITERAL_NULL_CONVERSION = YES;
				CLANG_WARN_OBJC_IMPLICIT_RETAIN_SELF = YES;
				CLANG_WARN_OBJC_LITERAL_CONVERSION = YES;
				CLANG_WARN_OBJC_ROOT_CLASS = YES_ERROR;
				CLANG_WARN_QUOTED_INCLUDE_IN_FRAMEWORK_HEADER = YES;
				CLANG_WARN_RANGE_LOOP_ANALYSIS = YES;
				CLANG_WARN_STRICT_PROTOTYPES = YES;
				CLANG_WARN_SUSPICIOUS_MOVE = YES;
				CLANG_WARN_UNGUARDED_AVAILABILITY = YES_AGGRESSIVE;
				CLANG_WARN_UNREACHABLE_CODE = YES;
				CLANG_WARN__DUPLICATE_METHOD_MATCH = YES;
				COPY_PHASE_STRIP = NO;
				DEBUG_INFORMATION_FORMAT = dwarf;
				ENABLE_STRICT_OBJC_MSGSEND = YES;
				ENABLE_TESTABILITY = YES;
				ENABLE_USER_SCRIPT_SANDBOXING = YES;
				GCC_C_LANGUAGE_STANDARD = gnu17;
				GCC_DYNAMIC_NO_PIC = NO;
				GCC_NO_COMMON_BLOCKS = YES;
				GCC_OPTIMIZATION_LEVEL = 0;
				GCC_PREPROCESSOR_DEFINITIONS = (
					"DEBUG=1",
					"$(inherited)",
				);
				GCC_WARN_64_TO_32_BIT_CONVERSION = YES;
				GCC_WARN_ABOUT_RETURN_TYPE = YES_ERROR;
				GCC_WARN_UNDECLARED_SELECTOR = YES;
				GCC_WARN_UNINITIALIZED_AUTOS = YES_AGGRESSIVE;
				GCC_WARN_UNUSED_FUNCTION = YES;
				GCC_WARN_UNUSED_VARIABLE = YES;
				IPHONEOS_DEPLOYMENT_TARGET = 17.4;
				LOCALIZATION_PREFERS_STRING_CATALOGS = YES;
				MTL_ENABLE_DEBUG_INFO = INCLUDE_SOURCE;
				MTL_FAST_MATH = YES;
				ONLY_ACTIVE_ARCH = YES;
				SDKROOT = iphoneos;
				SWIFT_ACTIVE_COMPILATION_CONDITIONS = "DEBUG $(inherited)";
				SWIFT_OPTIMIZATION_LEVEL = "-Onone";
			};
			name = Debug;
		};
		B46AE7DF2BF0646900199834 /* Release */ = {
			isa = XCBuildConfiguration;
			buildSettings = {
				ALWAYS_SEARCH_USER_PATHS = NO;
				ASSETCATALOG_COMPILER_GENERATE_SWIFT_ASSET_SYMBOL_EXTENSIONS = YES;
				CLANG_ANALYZER_NONNULL = YES;
				CLANG_ANALYZER_NUMBER_OBJECT_CONVERSION = YES_AGGRESSIVE;
				CLANG_CXX_LANGUAGE_STANDARD = "gnu++20";
				CLANG_ENABLE_MODULES = YES;
				CLANG_ENABLE_OBJC_ARC = YES;
				CLANG_ENABLE_OBJC_WEAK = YES;
				CLANG_WARN_BLOCK_CAPTURE_AUTORELEASING = YES;
				CLANG_WARN_BOOL_CONVERSION = YES;
				CLANG_WARN_COMMA = YES;
				CLANG_WARN_CONSTANT_CONVERSION = YES;
				CLANG_WARN_DEPRECATED_OBJC_IMPLEMENTATIONS = YES;
				CLANG_WARN_DIRECT_OBJC_ISA_USAGE = YES_ERROR;
				CLANG_WARN_DOCUMENTATION_COMMENTS = YES;
				CLANG_WARN_EMPTY_BODY = YES;
				CLANG_WARN_ENUM_CONVERSION = YES;
				CLANG_WARN_INFINITE_RECURSION = YES;
				CLANG_WARN_INT_CONVERSION = YES;
				CLANG_WARN_NON_LITERAL_NULL_CONVERSION = YES;
				CLANG_WARN_OBJC_IMPLICIT_RETAIN_SELF = YES;
				CLANG_WARN_OBJC_LITERAL_CONVERSION = YES;
				CLANG_WARN_OBJC_ROOT_CLASS = YES_ERROR;
				CLANG_WARN_QUOTED_INCLUDE_IN_FRAMEWORK_HEADER = YES;
				CLANG_WARN_RANGE_LOOP_ANALYSIS = YES;
				CLANG_WARN_STRICT_PROTOTYPES = YES;
				CLANG_WARN_SUSPICIOUS_MOVE = YES;
				CLANG_WARN_UNGUARDED_AVAILABILITY = YES_AGGRESSIVE;
				CLANG_WARN_UNREACHABLE_CODE = YES;
				CLANG_WARN__DUPLICATE_METHOD_MATCH = YES;
				COPY_PHASE_STRIP = NO;
				DEBUG_INFORMATION_FORMAT = "dwarf-with-dsym";
				ENABLE_NS_ASSERTIONS = NO;
				ENABLE_STRICT_OBJC_MSGSEND = YES;
				ENABLE_USER_SCRIPT_SANDBOXING = YES;
				GCC_C_LANGUAGE_STANDARD = gnu17;
				GCC_NO_COMMON_BLOCKS = YES;
				GCC_WARN_64_TO_32_BIT_CONVERSION = YES;
				GCC_WARN_ABOUT_RETURN_TYPE = YES_ERROR;
				GCC_WARN_UNDECLARED_SELECTOR = YES;
				GCC_WARN_UNINITIALIZED_AUTOS = YES_AGGRESSIVE;
				GCC_WARN_UNUSED_FUNCTION = YES;
				GCC_WARN_UNUSED_VARIABLE = YES;
				IPHONEOS_DEPLOYMENT_TARGET = 17.4;
				LOCALIZATION_PREFERS_STRING_CATALOGS = YES;
				MTL_ENABLE_DEBUG_INFO = NO;
				MTL_FAST_MATH = YES;
				SDKROOT = iphoneos;
				SWIFT_COMPILATION_MODE = wholemodule;
				VALIDATE_PRODUCT = YES;
			};
			name = Release;
		};
		B46AE7E12BF0646900199834 /* Debug */ = {
			isa = XCBuildConfiguration;
			buildSettings = {
				ASSETCATALOG_COMPILER_APPICON_NAME = AppIcon;
				ASSETCATALOG_COMPILER_GLOBAL_ACCENT_COLOR_NAME = AccentColor;
				CODE_SIGN_STYLE = Automatic;
				CURRENT_PROJECT_VERSION = 1;
				GENERATE_INFOPLIST_FILE = YES;
				INFOPLIST_FILE = Chemistry/Info.plist;
				INFOPLIST_KEY_UIApplicationSupportsIndirectInputEvents = YES;
				INFOPLIST_KEY_UILaunchStoryboardName = LaunchScreen;
				INFOPLIST_KEY_UIMainStoryboardFile = Main;
				INFOPLIST_KEY_UISupportedInterfaceOrientations_iPad = "UIInterfaceOrientationPortrait UIInterfaceOrientationPortraitUpsideDown UIInterfaceOrientationLandscapeLeft UIInterfaceOrientationLandscapeRight";
				INFOPLIST_KEY_UISupportedInterfaceOrientations_iPhone = "UIInterfaceOrientationPortrait UIInterfaceOrientationLandscapeLeft UIInterfaceOrientationLandscapeRight";
				LD_RUNPATH_SEARCH_PATHS = (
					"$(inherited)",
					"@executable_path/Frameworks",
				);
				MARKETING_VERSION = 1.0;
				PRODUCT_BUNDLE_IDENTIFIER = harrieslloyd.Chemistry;
				PRODUCT_NAME = "$(TARGET_NAME)";
				SWIFT_EMIT_LOC_STRINGS = YES;
				SWIFT_VERSION = 5.0;
				TARGETED_DEVICE_FAMILY = "1,2";
			};
			name = Debug;
		};
		B46AE7E22BF0646900199834 /* Release */ = {
			isa = XCBuildConfiguration;
			buildSettings = {
				ASSETCATALOG_COMPILER_APPICON_NAME = AppIcon;
				ASSETCATALOG_COMPILER_GLOBAL_ACCENT_COLOR_NAME = AccentColor;
				CODE_SIGN_STYLE = Automatic;
				CURRENT_PROJECT_VERSION = 1;
				GENERATE_INFOPLIST_FILE = YES;
				INFOPLIST_FILE = Chemistry/Info.plist;
				INFOPLIST_KEY_UIApplicationSupportsIndirectInputEvents = YES;
				INFOPLIST_KEY_UILaunchStoryboardName = LaunchScreen;
				INFOPLIST_KEY_UIMainStoryboardFile = Main;
				INFOPLIST_KEY_UISupportedInterfaceOrientations_iPad = "UIInterfaceOrientationPortrait UIInterfaceOrientationPortraitUpsideDown UIInterfaceOrientationLandscapeLeft UIInterfaceOrientationLandscapeRight";
				INFOPLIST_KEY_UISupportedInterfaceOrientations_iPhone = "UIInterfaceOrientationPortrait UIInterfaceOrientationLandscapeLeft UIInterfaceOrientationLandscapeRight";
				LD_RUNPATH_SEARCH_PATHS = (
					"$(inherited)",
					"@executable_path/Frameworks",
				);
				MARKETING_VERSION = 1.0;
				PRODUCT_BUNDLE_IDENTIFIER = harrieslloyd.Chemistry;
				PRODUCT_NAME = "$(TARGET_NAME)";
				SWIFT_EMIT_LOC_STRINGS = YES;
				SWIFT_VERSION = 5.0;
				TARGETED_DEVICE_FAMILY = "1,2";
			};
			name = Release;
		};
		B46AE7E42BF0646900199834 /* Debug */ = {
			isa = XCBuildConfiguration;
			buildSettings = {
				ALWAYS_EMBED_SWIFT_STANDARD_LIBRARIES = YES;
				BUNDLE_LOADER = "$(TEST_HOST)";
				CODE_SIGN_STYLE = Automatic;
				CURRENT_PROJECT_VERSION = 1;
				GENERATE_INFOPLIST_FILE = YES;
				IPHONEOS_DEPLOYMENT_TARGET = 17.4;
				MARKETING_VERSION = 1.0;
				PRODUCT_BUNDLE_IDENTIFIER = harrieslloyd.ChemistryTests;
				PRODUCT_NAME = "$(TARGET_NAME)";
				SWIFT_EMIT_LOC_STRINGS = NO;
				SWIFT_VERSION = 5.0;
				TARGETED_DEVICE_FAMILY = "1,2";
				TEST_HOST = "$(BUILT_PRODUCTS_DIR)/Chemistry.app/$(BUNDLE_EXECUTABLE_FOLDER_PATH)/Chemistry";
			};
			name = Debug;
		};
		B46AE7E52BF0646900199834 /* Release */ = {
			isa = XCBuildConfiguration;
			buildSettings = {
				ALWAYS_EMBED_SWIFT_STANDARD_LIBRARIES = YES;
				BUNDLE_LOADER = "$(TEST_HOST)";
				CODE_SIGN_STYLE = Automatic;
				CURRENT_PROJECT_VERSION = 1;
				GENERATE_INFOPLIST_FILE = YES;
				IPHONEOS_DEPLOYMENT_TARGET = 17.4;
				MARKETING_VERSION = 1.0;
				PRODUCT_BUNDLE_IDENTIFIER = harrieslloyd.ChemistryTests;
				PRODUCT_NAME = "$(TARGET_NAME)";
				SWIFT_EMIT_LOC_STRINGS = NO;
				SWIFT_VERSION = 5.0;
				TARGETED_DEVICE_FAMILY = "1,2";
				TEST_HOST = "$(BUILT_PRODUCTS_DIR)/Chemistry.app/$(BUNDLE_EXECUTABLE_FOLDER_PATH)/Chemistry";
			};
			name = Release;
		};
		B46AE7E72BF0646900199834 /* Debug */ = {
			isa = XCBuildConfiguration;
			buildSettings = {
				ALWAYS_EMBED_SWIFT_STANDARD_LIBRARIES = YES;
				CODE_SIGN_STYLE = Automatic;
				CURRENT_PROJECT_VERSION = 1;
				GENERATE_INFOPLIST_FILE = YES;
				MARKETING_VERSION = 1.0;
				PRODUCT_BUNDLE_IDENTIFIER = harrieslloyd.ChemistryUITests;
				PRODUCT_NAME = "$(TARGET_NAME)";
				SWIFT_EMIT_LOC_STRINGS = NO;
				SWIFT_VERSION = 5.0;
				TARGETED_DEVICE_FAMILY = "1,2";
				TEST_TARGET_NAME = Chemistry;
			};
			name = Debug;
		};
		B46AE7E82BF0646900199834 /* Release */ = {
			isa = XCBuildConfiguration;
			buildSettings = {
				ALWAYS_EMBED_SWIFT_STANDARD_LIBRARIES = YES;
				CODE_SIGN_STYLE = Automatic;
				CURRENT_PROJECT_VERSION = 1;
				GENERATE_INFOPLIST_FILE = YES;
				MARKETING_VERSION = 1.0;
				PRODUCT_BUNDLE_IDENTIFIER = harrieslloyd.ChemistryUITests;
				PRODUCT_NAME = "$(TARGET_NAME)";
				SWIFT_EMIT_LOC_STRINGS = NO;
				SWIFT_VERSION = 5.0;
				TARGETED_DEVICE_FAMILY = "1,2";
				TEST_TARGET_NAME = Chemistry;
			};
			name = Release;
		};
/* End XCBuildConfiguration section */

/* Begin XCConfigurationList section */
		B46AE7B12BF0646700199834 /* Build configuration list for PBXProject "Chemistry" */ = {
			isa = XCConfigurationList;
			buildConfigurations = (
				B46AE7DE2BF0646900199834 /* Debug */,
				B46AE7DF2BF0646900199834 /* Release */,
			);
			defaultConfigurationIsVisible = 0;
			defaultConfigurationName = Release;
		};
		B46AE7E02BF0646900199834 /* Build configuration list for PBXNativeTarget "Chemistry" */ = {
			isa = XCConfigurationList;
			buildConfigurations = (
				B46AE7E12BF0646900199834 /* Debug */,
				B46AE7E22BF0646900199834 /* Release */,
			);
			defaultConfigurationIsVisible = 0;
			defaultConfigurationName = Release;
		};
		B46AE7E32BF0646900199834 /* Build configuration list for PBXNativeTarget "ChemistryTests" */ = {
			isa = XCConfigurationList;
			buildConfigurations = (
				B46AE7E42BF0646900199834 /* Debug */,
				B46AE7E52BF0646900199834 /* Release */,
			);
			defaultConfigurationIsVisible = 0;
			defaultConfigurationName = Release;
		};
		B46AE7E62BF0646900199834 /* Build configuration list for PBXNativeTarget "ChemistryUITests" */ = {
			isa = XCConfigurationList;
			buildConfigurations = (
				B46AE7E72BF0646900199834 /* Debug */,
				B46AE7E82BF0646900199834 /* Release */,
			);
			defaultConfigurationIsVisible = 0;
			defaultConfigurationName = Release;
		};
/* End XCConfigurationList section */
	};
	rootObject = B46AE7AE2BF0646700199834 /* Project object */;
}
